
Microsoft Visual Studio Solution File, Format Version 12.00
# Visual Studio Version 16
VisualStudioVersion = 16.0.32802.440
MinimumVisualStudioVersion = 10.0.40219.1
Project("{FAE04EC0-301F-11D3-BF4B-00C04F79EFBC}") = "eTickets", "eTickets\eTickets.csproj", "{C70DA37E-902C-48E3-B9D4-AA1B25E61345}"
EndProject
Global
	GlobalSection(SolutionConfigurationPlatforms) = preSolution
		Debug|Any CPU = Debug|Any CPU
		Release|Any CPU = Release|Any CPU
	EndGlobalSection
	GlobalSection(ProjectConfigurationPlatforms) = postSolution
		{C70DA37E-902C-48E3-B9D4-AA1B25E61345}.Debug|Any CPU.ActiveCfg = Debug|Any CPU
		{C70DA37E-902C-48E3-B9D4-AA1B25E61345}.Debug|Any CPU.Build.0 = Debug|Any CPU
		{C70DA37E-902C-48E3-B9D4-AA1B25E61345}.Release|Any CPU.ActiveCfg = Release|Any CPU
		{C70DA37E-902C-48E3-B9D4-AA1B25E61345}.Release|Any CPU.Build.0 = Release|Any CPU
	EndGlobalSection
	GlobalSection(SolutionProperties) = preSolution
		HideSolutionNode = FALSE
	EndGlobalSection
	GlobalSection(ExtensibilityGlobals) = postSolution
		SolutionGuid = {17886DC3-38CE-42EA-8CFF-E0DA65929B69}
	EndGlobalSection
EndGlobal
